
Microsoft Visual Studio Solution File, Format Version 12.00
# Visual Studio Version 17
VisualStudioVersion = 17.10.35027.167
MinimumVisualStudioVersion = 10.0.40219.1
Project("{9A19103F-16F7-4668-BE54-9A1E7A4F7556}") = "DrinkDiscovery", "DrinkDiscovery\DrinkDiscovery.csproj", "{709D8A11-5D87-4C38-BBB1-6EE29DC0BCD8}"
EndProject
Project("{9A19103F-16F7-4668-BE54-9A1E7A4F7556}") = "DrinkDiscovery_Admin_Revised", "DrinkDiscovery_Admin_Revised\DrinkDiscovery_Admin_Revised.csproj", "{736A148A-13B1-4E03-81CF-552A0F47BE4E}"
EndProject
Global
	GlobalSection(SolutionConfigurationPlatforms) = preSolution
		Debug|Any CPU = Debug|Any CPU
		Release|Any CPU = Release|Any CPU
	EndGlobalSection
	GlobalSection(ProjectConfigurationPlatforms) = postSolution
		{709D8A11-5D87-4C38-BBB1-6EE29DC0BCD8}.Debug|Any CPU.ActiveCfg = Debug|Any CPU
		{709D8A11-5D87-4C38-BBB1-6EE29DC0BCD8}.Debug|Any CPU.Build.0 = Debug|Any CPU
		{709D8A11-5D87-4C38-BBB1-6EE29DC0BCD8}.Release|Any CPU.ActiveCfg = Release|Any CPU
		{709D8A11-5D87-4C38-BBB1-6EE29DC0BCD8}.Release|Any CPU.Build.0 = Release|Any CPU
		{736A148A-13B1-4E03-81CF-552A0F47BE4E}.Debug|Any CPU.ActiveCfg = Debug|Any CPU
		{736A148A-13B1-4E03-81CF-552A0F47BE4E}.Debug|Any CPU.Build.0 = Debug|Any CPU
		{736A148A-13B1-4E03-81CF-552A0F47BE4E}.Release|Any CPU.ActiveCfg = Release|Any CPU
		{736A148A-13B1-4E03-81CF-552A0F47BE4E}.Release|Any CPU.Build.0 = Release|Any CPU
	EndGlobalSection
	GlobalSection(SolutionProperties) = preSolution
		HideSolutionNode = FALSE
	EndGlobalSection
	GlobalSection(ExtensibilityGlobals) = postSolution
		SolutionGuid = {EEF3CFA3-F356-4D99-9965-4F78EDC3ADB2}
	EndGlobalSection
EndGlobal
